
Microsoft Visual Studio Solution File, Format Version 12.00
# Visual Studio Version 17
VisualStudioVersion = 17.5.33424.131
MinimumVisualStudioVersion = 10.0.40219.1
Project("{FAE04EC0-301F-11D3-BF4B-00C04F79EFBC}") = "Zadanie1a", "Zadanie1a.csproj", "{42CBADCF-728B-4924-886E-E9109EA99422}"
EndProject
Global
	GlobalSection(SolutionConfigurationPlatforms) = preSolution
		Debug|Any CPU = Debug|Any CPU
		Release|Any CPU = Release|Any CPU
	EndGlobalSection
	GlobalSection(ProjectConfigurationPlatforms) = postSolution
		{42CBADCF-728B-4924-886E-E9109EA99422}.Debug|Any CPU.ActiveCfg = Debug|Any CPU
		{42CBADCF-728B-4924-886E-E9109EA99422}.Debug|Any CPU.Build.0 = Debug|Any CPU
		{42CBADCF-728B-4924-886E-E9109EA99422}.Release|Any CPU.ActiveCfg = Release|Any CPU
		{42CBADCF-728B-4924-886E-E9109EA99422}.Release|Any CPU.Build.0 = Release|Any CPU
	EndGlobalSection
	GlobalSection(SolutionProperties) = preSolution
		HideSolutionNode = FALSE
	EndGlobalSection
	GlobalSection(ExtensibilityGlobals) = postSolution
		SolutionGuid = {AC394E23-251C-44BA-B24A-4EAF3A4CAA94}
	EndGlobalSection
EndGlobal
