
Microsoft Visual Studio Solution File, Format Version 12.00
# Visual Studio Version 17
VisualStudioVersion = 17.3.32929.385
MinimumVisualStudioVersion = 10.0.40219.1
Project("{FAE04EC0-301F-11D3-BF4B-00C04F79EFBC}") = "Zadanie1", "Zadanie1.csproj", "{5914C2BC-74E6-4469-980F-F64A1EBF3BC6}"
EndProject
Global
	GlobalSection(SolutionConfigurationPlatforms) = preSolution
		Debug|Any CPU = Debug|Any CPU
		Release|Any CPU = Release|Any CPU
	EndGlobalSection
	GlobalSection(ProjectConfigurationPlatforms) = postSolution
		{5914C2BC-74E6-4469-980F-F64A1EBF3BC6}.Debug|Any CPU.ActiveCfg = Debug|Any CPU
		{5914C2BC-74E6-4469-980F-F64A1EBF3BC6}.Debug|Any CPU.Build.0 = Debug|Any CPU
		{5914C2BC-74E6-4469-980F-F64A1EBF3BC6}.Release|Any CPU.ActiveCfg = Release|Any CPU
		{5914C2BC-74E6-4469-980F-F64A1EBF3BC6}.Release|Any CPU.Build.0 = Release|Any CPU
	EndGlobalSection
	GlobalSection(SolutionProperties) = preSolution
		HideSolutionNode = FALSE
	EndGlobalSection
	GlobalSection(ExtensibilityGlobals) = postSolution
		SolutionGuid = {45DA14C1-B9CB-48FA-B4AB-F6BB91C4566D}
	EndGlobalSection
EndGlobal
