
Microsoft Visual Studio Solution File, Format Version 12.00
# Visual Studio Version 17
VisualStudioVersion = 17.3.32929.385
MinimumVisualStudioVersion = 10.0.40219.1
Project("{FAE04EC0-301F-11D3-BF4B-00C04F79EFBC}") = "Zadanie8", "Zadanie8.csproj", "{B6B66D6D-4484-42CF-AB69-8DEE71D983EB}"
EndProject
Global
	GlobalSection(SolutionConfigurationPlatforms) = preSolution
		Debug|Any CPU = Debug|Any CPU
		Release|Any CPU = Release|Any CPU
	EndGlobalSection
	GlobalSection(ProjectConfigurationPlatforms) = postSolution
		{B6B66D6D-4484-42CF-AB69-8DEE71D983EB}.Debug|Any CPU.ActiveCfg = Debug|Any CPU
		{B6B66D6D-4484-42CF-AB69-8DEE71D983EB}.Debug|Any CPU.Build.0 = Debug|Any CPU
		{B6B66D6D-4484-42CF-AB69-8DEE71D983EB}.Release|Any CPU.ActiveCfg = Release|Any CPU
		{B6B66D6D-4484-42CF-AB69-8DEE71D983EB}.Release|Any CPU.Build.0 = Release|Any CPU
	EndGlobalSection
	GlobalSection(SolutionProperties) = preSolution
		HideSolutionNode = FALSE
	EndGlobalSection
	GlobalSection(ExtensibilityGlobals) = postSolution
		SolutionGuid = {1E168600-69DA-4A27-B574-AB827CA095E7}
	EndGlobalSection
EndGlobal
