
Microsoft Visual Studio Solution File, Format Version 12.00
# Visual Studio Version 17
VisualStudioVersion = 17.3.32929.385
MinimumVisualStudioVersion = 10.0.40219.1
Project("{FAE04EC0-301F-11D3-BF4B-00C04F79EFBC}") = "Zadanie6", "Zadanie6.csproj", "{A3CE4993-EA69-4733-911A-31715C68B44C}"
EndProject
Global
	GlobalSection(SolutionConfigurationPlatforms) = preSolution
		Debug|Any CPU = Debug|Any CPU
		Release|Any CPU = Release|Any CPU
	EndGlobalSection
	GlobalSection(ProjectConfigurationPlatforms) = postSolution
		{A3CE4993-EA69-4733-911A-31715C68B44C}.Debug|Any CPU.ActiveCfg = Debug|Any CPU
		{A3CE4993-EA69-4733-911A-31715C68B44C}.Debug|Any CPU.Build.0 = Debug|Any CPU
		{A3CE4993-EA69-4733-911A-31715C68B44C}.Release|Any CPU.ActiveCfg = Release|Any CPU
		{A3CE4993-EA69-4733-911A-31715C68B44C}.Release|Any CPU.Build.0 = Release|Any CPU
	EndGlobalSection
	GlobalSection(SolutionProperties) = preSolution
		HideSolutionNode = FALSE
	EndGlobalSection
	GlobalSection(ExtensibilityGlobals) = postSolution
		SolutionGuid = {33C58414-2E1B-41B8-9A2D-DD1B32309606}
	EndGlobalSection
EndGlobal
