
Microsoft Visual Studio Solution File, Format Version 12.00
# Visual Studio Version 17
VisualStudioVersion = 17.5.33424.131
MinimumVisualStudioVersion = 10.0.40219.1
Project("{FAE04EC0-301F-11D3-BF4B-00C04F79EFBC}") = "Zadanie3", "Zadanie3.csproj", "{5F91546B-2AB5-4402-88C1-0D72054B86FA}"
EndProject
Global
	GlobalSection(SolutionConfigurationPlatforms) = preSolution
		Debug|Any CPU = Debug|Any CPU
		Release|Any CPU = Release|Any CPU
	EndGlobalSection
	GlobalSection(ProjectConfigurationPlatforms) = postSolution
		{5F91546B-2AB5-4402-88C1-0D72054B86FA}.Debug|Any CPU.ActiveCfg = Debug|Any CPU
		{5F91546B-2AB5-4402-88C1-0D72054B86FA}.Debug|Any CPU.Build.0 = Debug|Any CPU
		{5F91546B-2AB5-4402-88C1-0D72054B86FA}.Release|Any CPU.ActiveCfg = Release|Any CPU
		{5F91546B-2AB5-4402-88C1-0D72054B86FA}.Release|Any CPU.Build.0 = Release|Any CPU
	EndGlobalSection
	GlobalSection(SolutionProperties) = preSolution
		HideSolutionNode = FALSE
	EndGlobalSection
	GlobalSection(ExtensibilityGlobals) = postSolution
		SolutionGuid = {CC098BED-0FC7-4911-A3E4-CF4136F5C37D}
	EndGlobalSection
EndGlobal
