
Microsoft Visual Studio Solution File, Format Version 12.00
# Visual Studio Version 17
VisualStudioVersion = 17.5.33424.131
MinimumVisualStudioVersion = 10.0.40219.1
Project("{FAE04EC0-301F-11D3-BF4B-00C04F79EFBC}") = "Zadanie2", "Zadanie2.csproj", "{946FEB92-EAF8-488E-B24C-306E9D063223}"
EndProject
Global
	GlobalSection(SolutionConfigurationPlatforms) = preSolution
		Debug|Any CPU = Debug|Any CPU
		Release|Any CPU = Release|Any CPU
	EndGlobalSection
	GlobalSection(ProjectConfigurationPlatforms) = postSolution
		{946FEB92-EAF8-488E-B24C-306E9D063223}.Debug|Any CPU.ActiveCfg = Debug|Any CPU
		{946FEB92-EAF8-488E-B24C-306E9D063223}.Debug|Any CPU.Build.0 = Debug|Any CPU
		{946FEB92-EAF8-488E-B24C-306E9D063223}.Release|Any CPU.ActiveCfg = Release|Any CPU
		{946FEB92-EAF8-488E-B24C-306E9D063223}.Release|Any CPU.Build.0 = Release|Any CPU
	EndGlobalSection
	GlobalSection(SolutionProperties) = preSolution
		HideSolutionNode = FALSE
	EndGlobalSection
	GlobalSection(ExtensibilityGlobals) = postSolution
		SolutionGuid = {C29C9FA6-4337-44CB-A64D-6614C96A1D31}
	EndGlobalSection
EndGlobal
