
Microsoft Visual Studio Solution File, Format Version 12.00
# Visual Studio Version 17
VisualStudioVersion = 17.5.33424.131
MinimumVisualStudioVersion = 10.0.40219.1
Project("{FAE04EC0-301F-11D3-BF4B-00C04F79EFBC}") = "Zadanie1_1", "Zadanie1_1.csproj", "{3FB45861-1D79-41F4-9B07-95D3043B2640}"
EndProject
Global
	GlobalSection(SolutionConfigurationPlatforms) = preSolution
		Debug|Any CPU = Debug|Any CPU
		Release|Any CPU = Release|Any CPU
	EndGlobalSection
	GlobalSection(ProjectConfigurationPlatforms) = postSolution
		{3FB45861-1D79-41F4-9B07-95D3043B2640}.Debug|Any CPU.ActiveCfg = Debug|Any CPU
		{3FB45861-1D79-41F4-9B07-95D3043B2640}.Debug|Any CPU.Build.0 = Debug|Any CPU
		{3FB45861-1D79-41F4-9B07-95D3043B2640}.Release|Any CPU.ActiveCfg = Release|Any CPU
		{3FB45861-1D79-41F4-9B07-95D3043B2640}.Release|Any CPU.Build.0 = Release|Any CPU
	EndGlobalSection
	GlobalSection(SolutionProperties) = preSolution
		HideSolutionNode = FALSE
	EndGlobalSection
	GlobalSection(ExtensibilityGlobals) = postSolution
		SolutionGuid = {C2208639-3A4F-4BAC-A704-4E7DB5FFEA10}
	EndGlobalSection
EndGlobal
