
Microsoft Visual Studio Solution File, Format Version 12.00
# Visual Studio Version 17
VisualStudioVersion = 17.3.32929.385
MinimumVisualStudioVersion = 10.0.40219.1
Project("{FAE04EC0-301F-11D3-BF4B-00C04F79EFBC}") = "Zadanie4", "Zadanie4.csproj", "{0C01C69B-F512-42D0-ABBC-3CD8D114A480}"
EndProject
Global
	GlobalSection(SolutionConfigurationPlatforms) = preSolution
		Debug|Any CPU = Debug|Any CPU
		Release|Any CPU = Release|Any CPU
	EndGlobalSection
	GlobalSection(ProjectConfigurationPlatforms) = postSolution
		{0C01C69B-F512-42D0-ABBC-3CD8D114A480}.Debug|Any CPU.ActiveCfg = Debug|Any CPU
		{0C01C69B-F512-42D0-ABBC-3CD8D114A480}.Debug|Any CPU.Build.0 = Debug|Any CPU
		{0C01C69B-F512-42D0-ABBC-3CD8D114A480}.Release|Any CPU.ActiveCfg = Release|Any CPU
		{0C01C69B-F512-42D0-ABBC-3CD8D114A480}.Release|Any CPU.Build.0 = Release|Any CPU
	EndGlobalSection
	GlobalSection(SolutionProperties) = preSolution
		HideSolutionNode = FALSE
	EndGlobalSection
	GlobalSection(ExtensibilityGlobals) = postSolution
		SolutionGuid = {7C233B0E-40CA-4716-BBF7-45BAA3A70649}
	EndGlobalSection
EndGlobal
