
Microsoft Visual Studio Solution File, Format Version 12.00
# Visual Studio Version 17
VisualStudioVersion = 17.3.32929.385
MinimumVisualStudioVersion = 10.0.40219.1
Project("{FAE04EC0-301F-11D3-BF4B-00C04F79EFBC}") = "Zadanie2", "Zadanie2.csproj", "{B4E5D0BE-C605-4E6A-87B8-EEA26A8B6CB2}"
EndProject
Global
	GlobalSection(SolutionConfigurationPlatforms) = preSolution
		Debug|Any CPU = Debug|Any CPU
		Release|Any CPU = Release|Any CPU
	EndGlobalSection
	GlobalSection(ProjectConfigurationPlatforms) = postSolution
		{B4E5D0BE-C605-4E6A-87B8-EEA26A8B6CB2}.Debug|Any CPU.ActiveCfg = Debug|Any CPU
		{B4E5D0BE-C605-4E6A-87B8-EEA26A8B6CB2}.Debug|Any CPU.Build.0 = Debug|Any CPU
		{B4E5D0BE-C605-4E6A-87B8-EEA26A8B6CB2}.Release|Any CPU.ActiveCfg = Release|Any CPU
		{B4E5D0BE-C605-4E6A-87B8-EEA26A8B6CB2}.Release|Any CPU.Build.0 = Release|Any CPU
	EndGlobalSection
	GlobalSection(SolutionProperties) = preSolution
		HideSolutionNode = FALSE
	EndGlobalSection
	GlobalSection(ExtensibilityGlobals) = postSolution
		SolutionGuid = {647C6814-DBD0-49B7-B5CF-39719537757F}
	EndGlobalSection
EndGlobal
