
Microsoft Visual Studio Solution File, Format Version 12.00
# Visual Studio Version 17
VisualStudioVersion = 17.3.32929.385
MinimumVisualStudioVersion = 10.0.40219.1
Project("{FAE04EC0-301F-11D3-BF4B-00C04F79EFBC}") = "Zadanie1", "Zadanie1.csproj", "{3EEB550B-B33B-4C91-A1A4-C7717C3A87DC}"
EndProject
Global
	GlobalSection(SolutionConfigurationPlatforms) = preSolution
		Debug|Any CPU = Debug|Any CPU
		Release|Any CPU = Release|Any CPU
	EndGlobalSection
	GlobalSection(ProjectConfigurationPlatforms) = postSolution
		{3EEB550B-B33B-4C91-A1A4-C7717C3A87DC}.Debug|Any CPU.ActiveCfg = Debug|Any CPU
		{3EEB550B-B33B-4C91-A1A4-C7717C3A87DC}.Debug|Any CPU.Build.0 = Debug|Any CPU
		{3EEB550B-B33B-4C91-A1A4-C7717C3A87DC}.Release|Any CPU.ActiveCfg = Release|Any CPU
		{3EEB550B-B33B-4C91-A1A4-C7717C3A87DC}.Release|Any CPU.Build.0 = Release|Any CPU
	EndGlobalSection
	GlobalSection(SolutionProperties) = preSolution
		HideSolutionNode = FALSE
	EndGlobalSection
	GlobalSection(ExtensibilityGlobals) = postSolution
		SolutionGuid = {7085C1BB-8C6A-44C6-8ED2-44E3EAF568A1}
	EndGlobalSection
EndGlobal
