
Microsoft Visual Studio Solution File, Format Version 12.00
# Visual Studio Version 17
VisualStudioVersion = 17.3.32929.385
MinimumVisualStudioVersion = 10.0.40219.1
Project("{FAE04EC0-301F-11D3-BF4B-00C04F79EFBC}") = "Zadanie9", "Zadanie9.csproj", "{626DED71-EA29-43CE-A7FD-ACB24C14BECF}"
EndProject
Global
	GlobalSection(SolutionConfigurationPlatforms) = preSolution
		Debug|Any CPU = Debug|Any CPU
		Release|Any CPU = Release|Any CPU
	EndGlobalSection
	GlobalSection(ProjectConfigurationPlatforms) = postSolution
		{626DED71-EA29-43CE-A7FD-ACB24C14BECF}.Debug|Any CPU.ActiveCfg = Debug|Any CPU
		{626DED71-EA29-43CE-A7FD-ACB24C14BECF}.Debug|Any CPU.Build.0 = Debug|Any CPU
		{626DED71-EA29-43CE-A7FD-ACB24C14BECF}.Release|Any CPU.ActiveCfg = Release|Any CPU
		{626DED71-EA29-43CE-A7FD-ACB24C14BECF}.Release|Any CPU.Build.0 = Release|Any CPU
	EndGlobalSection
	GlobalSection(SolutionProperties) = preSolution
		HideSolutionNode = FALSE
	EndGlobalSection
	GlobalSection(ExtensibilityGlobals) = postSolution
		SolutionGuid = {3067C485-5CB1-4CCB-A4CA-5DE9BAAEFE35}
	EndGlobalSection
EndGlobal
