
Microsoft Visual Studio Solution File, Format Version 12.00
# Visual Studio Version 17
VisualStudioVersion = 17.5.33424.131
MinimumVisualStudioVersion = 10.0.40219.1
Project("{FAE04EC0-301F-11D3-BF4B-00C04F79EFBC}") = "Zadanie2_1", "Zadanie2_1.csproj", "{8FED028F-2FC8-49B1-BBD6-03CB6BC900D4}"
EndProject
Global
	GlobalSection(SolutionConfigurationPlatforms) = preSolution
		Debug|Any CPU = Debug|Any CPU
		Release|Any CPU = Release|Any CPU
	EndGlobalSection
	GlobalSection(ProjectConfigurationPlatforms) = postSolution
		{8FED028F-2FC8-49B1-BBD6-03CB6BC900D4}.Debug|Any CPU.ActiveCfg = Debug|Any CPU
		{8FED028F-2FC8-49B1-BBD6-03CB6BC900D4}.Debug|Any CPU.Build.0 = Debug|Any CPU
		{8FED028F-2FC8-49B1-BBD6-03CB6BC900D4}.Release|Any CPU.ActiveCfg = Release|Any CPU
		{8FED028F-2FC8-49B1-BBD6-03CB6BC900D4}.Release|Any CPU.Build.0 = Release|Any CPU
	EndGlobalSection
	GlobalSection(SolutionProperties) = preSolution
		HideSolutionNode = FALSE
	EndGlobalSection
	GlobalSection(ExtensibilityGlobals) = postSolution
		SolutionGuid = {B54F05BD-56B4-4DD2-874A-E8974498220B}
	EndGlobalSection
EndGlobal
