
Microsoft Visual Studio Solution File, Format Version 12.00
# Visual Studio Version 17
VisualStudioVersion = 17.3.32929.385
MinimumVisualStudioVersion = 10.0.40219.1
Project("{FAE04EC0-301F-11D3-BF4B-00C04F79EFBC}") = "Zadanie3", "Zadanie3.csproj", "{27C81565-1FEC-414B-9E7A-69707CE68915}"
EndProject
Global
	GlobalSection(SolutionConfigurationPlatforms) = preSolution
		Debug|Any CPU = Debug|Any CPU
		Release|Any CPU = Release|Any CPU
	EndGlobalSection
	GlobalSection(ProjectConfigurationPlatforms) = postSolution
		{27C81565-1FEC-414B-9E7A-69707CE68915}.Debug|Any CPU.ActiveCfg = Debug|Any CPU
		{27C81565-1FEC-414B-9E7A-69707CE68915}.Debug|Any CPU.Build.0 = Debug|Any CPU
		{27C81565-1FEC-414B-9E7A-69707CE68915}.Release|Any CPU.ActiveCfg = Release|Any CPU
		{27C81565-1FEC-414B-9E7A-69707CE68915}.Release|Any CPU.Build.0 = Release|Any CPU
	EndGlobalSection
	GlobalSection(SolutionProperties) = preSolution
		HideSolutionNode = FALSE
	EndGlobalSection
	GlobalSection(ExtensibilityGlobals) = postSolution
		SolutionGuid = {29BB94DE-5BCA-4922-9150-6EE2EA76CFD7}
	EndGlobalSection
EndGlobal
